
Microsoft Visual Studio Solution File, Format Version 12.00
# Visual Studio Version 17
VisualStudioVersion = 17.0.31903.59
MinimumVisualStudioVersion = 10.0.40219.1
Project("{FAE04EC0-301F-11D3-BF4B-00C04F79EFBC}") = "AvroProducer", "AvroProducer\AvroProducer.csproj", "{354865E6-6977-40CD-983E-6BF98959B655}"
EndProject
Project("{FAE04EC0-301F-11D3-BF4B-00C04F79EFBC}") = "AvroConsumer", "AvroConsumer\AvroConsumer.csproj", "{17F1F4EB-3A8A-46F0-A1F4-79F8240820FE}"
EndProject
Global
	GlobalSection(SolutionConfigurationPlatforms) = preSolution
		Debug|Any CPU = Debug|Any CPU
		Debug|x64 = Debug|x64
		Debug|x86 = Debug|x86
		Release|Any CPU = Release|Any CPU
		Release|x64 = Release|x64
		Release|x86 = Release|x86
	EndGlobalSection
	GlobalSection(ProjectConfigurationPlatforms) = postSolution
		{354865E6-6977-40CD-983E-6BF98959B655}.Debug|Any CPU.ActiveCfg = Debug|Any CPU
		{354865E6-6977-40CD-983E-6BF98959B655}.Debug|Any CPU.Build.0 = Debug|Any CPU
		{354865E6-6977-40CD-983E-6BF98959B655}.Debug|x64.ActiveCfg = Debug|Any CPU
		{354865E6-6977-40CD-983E-6BF98959B655}.Debug|x64.Build.0 = Debug|Any CPU
		{354865E6-6977-40CD-983E-6BF98959B655}.Debug|x86.ActiveCfg = Debug|Any CPU
		{354865E6-6977-40CD-983E-6BF98959B655}.Debug|x86.Build.0 = Debug|Any CPU
		{354865E6-6977-40CD-983E-6BF98959B655}.Release|Any CPU.ActiveCfg = Release|Any CPU
		{354865E6-6977-40CD-983E-6BF98959B655}.Release|Any CPU.Build.0 = Release|Any CPU
		{354865E6-6977-40CD-983E-6BF98959B655}.Release|x64.ActiveCfg = Release|Any CPU
		{354865E6-6977-40CD-983E-6BF98959B655}.Release|x64.Build.0 = Release|Any CPU
		{354865E6-6977-40CD-983E-6BF98959B655}.Release|x86.ActiveCfg = Release|Any CPU
		{354865E6-6977-40CD-983E-6BF98959B655}.Release|x86.Build.0 = Release|Any CPU
		{17F1F4EB-3A8A-46F0-A1F4-79F8240820FE}.Debug|Any CPU.ActiveCfg = Debug|Any CPU
		{17F1F4EB-3A8A-46F0-A1F4-79F8240820FE}.Debug|Any CPU.Build.0 = Debug|Any CPU
		{17F1F4EB-3A8A-46F0-A1F4-79F8240820FE}.Debug|x64.ActiveCfg = Debug|Any CPU
		{17F1F4EB-3A8A-46F0-A1F4-79F8240820FE}.Debug|x64.Build.0 = Debug|Any CPU
		{17F1F4EB-3A8A-46F0-A1F4-79F8240820FE}.Debug|x86.ActiveCfg = Debug|Any CPU
		{17F1F4EB-3A8A-46F0-A1F4-79F8240820FE}.Debug|x86.Build.0 = Debug|Any CPU
		{17F1F4EB-3A8A-46F0-A1F4-79F8240820FE}.Release|Any CPU.ActiveCfg = Release|Any CPU
		{17F1F4EB-3A8A-46F0-A1F4-79F8240820FE}.Release|Any CPU.Build.0 = Release|Any CPU
		{17F1F4EB-3A8A-46F0-A1F4-79F8240820FE}.Release|x64.ActiveCfg = Release|Any CPU
		{17F1F4EB-3A8A-46F0-A1F4-79F8240820FE}.Release|x64.Build.0 = Release|Any CPU
		{17F1F4EB-3A8A-46F0-A1F4-79F8240820FE}.Release|x86.ActiveCfg = Release|Any CPU
		{17F1F4EB-3A8A-46F0-A1F4-79F8240820FE}.Release|x86.Build.0 = Release|Any CPU
	EndGlobalSection
	GlobalSection(SolutionProperties) = preSolution
		HideSolutionNode = FALSE
	EndGlobalSection
EndGlobal
